// !$*UTF8*$!
{
	archiveVersion = 1;
	classes = {
	};
	objectVersion = 56;
	objects = {

/* Begin PBXBuildFile section */
		E17E28482C98B486003B6771 /* HomeViewModel.swift in Sources */ = {isa = PBXBuildFile; fileRef = E17E28472C98B486003B6771 /* HomeViewModel.swift */; };
		E17E284A2C98B4E9003B6771 /* AddNewRecipeViewModel.swift in Sources */ = {isa = PBXBuildFile; fileRef = E17E28492C98B4E9003B6771 /* AddNewRecipeViewModel.swift */; };
		E17E284C2C98B581003B6771 /* RecipeViewModel.swift in Sources */ = {isa = PBXBuildFile; fileRef = E17E284B2C98B581003B6771 /* RecipeViewModel.swift */; };
		E1B72C9B2C7E48E700C8C01E /* CustomTextField.swift in Sources */ = {isa = PBXBuildFile; fileRef = E1B72C9A2C7E48E700C8C01E /* CustomTextField.swift */; };
		E1B72C9D2C7E49A400C8C01E /* CustomButton.swift in Sources */ = {isa = PBXBuildFile; fileRef = E1B72C9C2C7E49A400C8C01E /* CustomButton.swift */; };
		E1B9B6F62C8321550028DDF7 /* Localizable.xcstrings in Resources */ = {isa = PBXBuildFile; fileRef = E1B9B6F52C8321550028DDF7 /* Localizable.xcstrings */; };
		E1CCDF602C7F997A00BFDD67 /* RecipeView.swift in Sources */ = {isa = PBXBuildFile; fileRef = E1CCDF5F2C7F997A00BFDD67 /* RecipeView.swift */; };
		E1D1998C2C7CF6C000C9EEF2 /* AddNewRecipeView.swift in Sources */ = {isa = PBXBuildFile; fileRef = E1D1998B2C7CF6C000C9EEF2 /* AddNewRecipeView.swift */; };
		E1D4BE4F2C974CD600718D71 /* CustomTabBar.swift in Sources */ = {isa = PBXBuildFile; fileRef = E1D4BE4E2C974CD600718D71 /* CustomTabBar.swift */; };
		E1FCCEEF2C7B134100993225 /* FlavorFusionApp.swift in Sources */ = {isa = PBXBuildFile; fileRef = E1FCCEEE2C7B134100993225 /* FlavorFusionApp.swift */; };
		E1FCCEF12C7B134100993225 /* HomeView.swift in Sources */ = {isa = PBXBuildFile; fileRef = E1FCCEF02C7B134100993225 /* HomeView.swift */; };
		E1FCCEF32C7B134400993225 /* Assets.xcassets in Resources */ = {isa = PBXBuildFile; fileRef = E1FCCEF22C7B134400993225 /* Assets.xcassets */; };
		E1FCCEF62C7B134400993225 /* Preview Assets.xcassets in Resources */ = {isa = PBXBuildFile; fileRef = E1FCCEF52C7B134400993225 /* Preview Assets.xcassets */; };
		E1FCCF002C7B1D2C00993225 /* SettingsView.swift in Sources */ = {isa = PBXBuildFile; fileRef = E1FCCEFF2C7B1D2C00993225 /* SettingsView.swift */; };
		E1FCCF032C7B1E9000993225 /* LanguageRow.swift in Sources */ = {isa = PBXBuildFile; fileRef = E1FCCF022C7B1E9000993225 /* LanguageRow.swift */; };
		E1FCCF052C7B1EA000993225 /* AboutRow.swift in Sources */ = {isa = PBXBuildFile; fileRef = E1FCCF042C7B1EA000993225 /* AboutRow.swift */; };
/* End PBXBuildFile section */

/* Begin PBXFileReference section */
		E17E28472C98B486003B6771 /* HomeViewModel.swift */ = {isa = PBXFileReference; lastKnownFileType = sourcecode.swift; path = HomeViewModel.swift; sourceTree = "<group>"; };
		E17E28492C98B4E9003B6771 /* AddNewRecipeViewModel.swift */ = {isa = PBXFileReference; lastKnownFileType = sourcecode.swift; path = AddNewRecipeViewModel.swift; sourceTree = "<group>"; };
		E17E284B2C98B581003B6771 /* RecipeViewModel.swift */ = {isa = PBXFileReference; lastKnownFileType = sourcecode.swift; path = RecipeViewModel.swift; sourceTree = "<group>"; };
		E1B72C9A2C7E48E700C8C01E /* CustomTextField.swift */ = {isa = PBXFileReference; lastKnownFileType = sourcecode.swift; path = CustomTextField.swift; sourceTree = "<group>"; };
		E1B72C9C2C7E49A400C8C01E /* CustomButton.swift */ = {isa = PBXFileReference; lastKnownFileType = sourcecode.swift; path = CustomButton.swift; sourceTree = "<group>"; };
		E1B9B6F52C8321550028DDF7 /* Localizable.xcstrings */ = {isa = PBXFileReference; lastKnownFileType = text.json.xcstrings; path = Localizable.xcstrings; sourceTree = "<group>"; };
		E1CCDF5F2C7F997A00BFDD67 /* RecipeView.swift */ = {isa = PBXFileReference; lastKnownFileType = sourcecode.swift; path = RecipeView.swift; sourceTree = "<group>"; };
		E1D1998B2C7CF6C000C9EEF2 /* AddNewRecipeView.swift */ = {isa = PBXFileReference; lastKnownFileType = sourcecode.swift; path = AddNewRecipeView.swift; sourceTree = "<group>"; };
		E1D4BE4E2C974CD600718D71 /* CustomTabBar.swift */ = {isa = PBXFileReference; lastKnownFileType = sourcecode.swift; path = CustomTabBar.swift; sourceTree = "<group>"; };
		E1FCCEEB2C7B134100993225 /* FlavorFusion.app */ = {isa = PBXFileReference; explicitFileType = wrapper.application; includeInIndex = 0; path = FlavorFusion.app; sourceTree = BUILT_PRODUCTS_DIR; };
		E1FCCEEE2C7B134100993225 /* FlavorFusionApp.swift */ = {isa = PBXFileReference; lastKnownFileType = sourcecode.swift; path = FlavorFusionApp.swift; sourceTree = "<group>"; };
		E1FCCEF02C7B134100993225 /* HomeView.swift */ = {isa = PBXFileReference; lastKnownFileType = sourcecode.swift; path = HomeView.swift; sourceTree = "<group>"; };
		E1FCCEF22C7B134400993225 /* Assets.xcassets */ = {isa = PBXFileReference; lastKnownFileType = folder.assetcatalog; path = Assets.xcassets; sourceTree = "<group>"; };
		E1FCCEF52C7B134400993225 /* Preview Assets.xcassets */ = {isa = PBXFileReference; lastKnownFileType = folder.assetcatalog; path = "Preview Assets.xcassets"; sourceTree = "<group>"; };
		E1FCCEFF2C7B1D2C00993225 /* SettingsView.swift */ = {isa = PBXFileReference; lastKnownFileType = sourcecode.swift; path = SettingsView.swift; sourceTree = "<group>"; };
		E1FCCF022C7B1E9000993225 /* LanguageRow.swift */ = {isa = PBXFileReference; lastKnownFileType = sourcecode.swift; path = LanguageRow.swift; sourceTree = "<group>"; };
		E1FCCF042C7B1EA000993225 /* AboutRow.swift */ = {isa = PBXFileReference; lastKnownFileType = sourcecode.swift; path = AboutRow.swift; sourceTree = "<group>"; };
/* End PBXFileReference section */

/* Begin PBXFrameworksBuildPhase section */
		E1FCCEE82C7B134100993225 /* Frameworks */ = {
			isa = PBXFrameworksBuildPhase;
			buildActionMask = 2147483647;
			files = (
			);
			runOnlyForDeploymentPostprocessing = 0;
		};
/* End PBXFrameworksBuildPhase section */

/* Begin PBXGroup section */
		E17E28462C98B471003B6771 /* Models */ = {
			isa = PBXGroup;
			children = (
				E17E28472C98B486003B6771 /* HomeViewModel.swift */,
				E17E28492C98B4E9003B6771 /* AddNewRecipeViewModel.swift */,
				E17E284B2C98B581003B6771 /* RecipeViewModel.swift */,
			);
			path = Models;
			sourceTree = "<group>";
		};
		E1B72C992C7E48D500C8C01E /* Components */ = {
			isa = PBXGroup;
			children = (
				E1B72C9A2C7E48E700C8C01E /* CustomTextField.swift */,
				E1B72C9C2C7E49A400C8C01E /* CustomButton.swift */,
				E1D4BE4E2C974CD600718D71 /* CustomTabBar.swift */,
			);
			path = Components;
			sourceTree = "<group>";
		};
		E1CCDF5E2C7F996A00BFDD67 /* RecipeView */ = {
			isa = PBXGroup;
			children = (
				E1CCDF5F2C7F997A00BFDD67 /* RecipeView.swift */,
			);
			path = RecipeView;
			sourceTree = "<group>";
		};
		E1D1998A2C7CF69A00C9EEF2 /* AddingRecipeView */ = {
			isa = PBXGroup;
			children = (
				E1D1998B2C7CF6C000C9EEF2 /* AddNewRecipeView.swift */,
				E1FCCEFE2C7B1D1300993225 /* SettingsView */,
			);
			path = AddingRecipeView;
			sourceTree = "<group>";
		};
		E1FCCEE22C7B134100993225 = {
			isa = PBXGroup;
			children = (
				E1FCCEED2C7B134100993225 /* FlavorFusion */,
				E1FCCEEC2C7B134100993225 /* Products */,
			);
			sourceTree = "<group>";
		};
		E1FCCEEC2C7B134100993225 /* Products */ = {
			isa = PBXGroup;
			children = (
				E1FCCEEB2C7B134100993225 /* FlavorFusion.app */,
			);
			name = Products;
			sourceTree = "<group>";
		};
		E1FCCEED2C7B134100993225 /* FlavorFusion */ = {
			isa = PBXGroup;
			children = (
				E17E28462C98B471003B6771 /* Models */,
				E1B72C992C7E48D500C8C01E /* Components */,
				E1FCCEFC2C7B1A1200993225 /* Scenes */,
				E1FCCEEE2C7B134100993225 /* FlavorFusionApp.swift */,
				E1FCCEF22C7B134400993225 /* Assets.xcassets */,
				E1B9B6F52C8321550028DDF7 /* Localizable.xcstrings */,
				E1FCCEF42C7B134400993225 /* Preview Content */,
			);
			path = FlavorFusion;
			sourceTree = "<group>";
		};
		E1FCCEF42C7B134400993225 /* Preview Content */ = {
			isa = PBXGroup;
			children = (
				E1FCCEF52C7B134400993225 /* Preview Assets.xcassets */,
			);
			path = "Preview Content";
			sourceTree = "<group>";
		};
		E1FCCEFC2C7B1A1200993225 /* Scenes */ = {
			isa = PBXGroup;
			children = (
				E1CCDF5E2C7F996A00BFDD67 /* RecipeView */,
				E1D1998A2C7CF69A00C9EEF2 /* AddingRecipeView */,
				E1FCCEFD2C7B1A1B00993225 /* HomeView */,
			);
			path = Scenes;
			sourceTree = "<group>";
		};
		E1FCCEFD2C7B1A1B00993225 /* HomeView */ = {
			isa = PBXGroup;
			children = (
				E1FCCEF02C7B134100993225 /* HomeView.swift */,
			);
			path = HomeView;
			sourceTree = "<group>";
		};
		E1FCCEFE2C7B1D1300993225 /* SettingsView */ = {
			isa = PBXGroup;
			children = (
				E1FCCF012C7B1E3600993225 /* RowView */,
				E1FCCEFF2C7B1D2C00993225 /* SettingsView.swift */,
			);
			path = SettingsView;
			sourceTree = "<group>";
		};
		E1FCCF012C7B1E3600993225 /* RowView */ = {
			isa = PBXGroup;
			children = (
				E1FCCF022C7B1E9000993225 /* LanguageRow.swift */,
				E1FCCF042C7B1EA000993225 /* AboutRow.swift */,
			);
			path = RowView;
			sourceTree = "<group>";
		};
/* End PBXGroup section */

/* Begin PBXNativeTarget section */
		E1FCCEEA2C7B134100993225 /* FlavorFusion */ = {
			isa = PBXNativeTarget;
			buildConfigurationList = E1FCCEF92C7B134400993225 /* Build configuration list for PBXNativeTarget "FlavorFusion" */;
			buildPhases = (
				E1FCCEE72C7B134100993225 /* Sources */,
				E1FCCEE82C7B134100993225 /* Frameworks */,
				E1FCCEE92C7B134100993225 /* Resources */,
			);
			buildRules = (
			);
			dependencies = (
			);
			name = FlavorFusion;
			productName = FlavorFusion;
			productReference = E1FCCEEB2C7B134100993225 /* FlavorFusion.app */;
			productType = "com.apple.product-type.application";
		};
/* End PBXNativeTarget section */

/* Begin PBXProject section */
		E1FCCEE32C7B134100993225 /* Project object */ = {
			isa = PBXProject;
			attributes = {
				BuildIndependentTargetsInParallel = 1;
				LastSwiftUpdateCheck = 1540;
				LastUpgradeCheck = 1540;
				TargetAttributes = {
					E1FCCEEA2C7B134100993225 = {
						CreatedOnToolsVersion = 15.4;
					};
				};
			};
			buildConfigurationList = E1FCCEE62C7B134100993225 /* Build configuration list for PBXProject "FlavorFusion" */;
			compatibilityVersion = "Xcode 14.0";
			developmentRegion = pl;
			hasScannedForEncodings = 0;
			knownRegions = (
				en,
				Base,
				pl,
			);
			mainGroup = E1FCCEE22C7B134100993225;
			productRefGroup = E1FCCEEC2C7B134100993225 /* Products */;
			projectDirPath = "";
			projectRoot = "";
			targets = (
				E1FCCEEA2C7B134100993225 /* FlavorFusion */,
			);
		};
/* End PBXProject section */

/* Begin PBXResourcesBuildPhase section */
		E1FCCEE92C7B134100993225 /* Resources */ = {
			isa = PBXResourcesBuildPhase;
			buildActionMask = 2147483647;
			files = (
				E1FCCEF62C7B134400993225 /* Preview Assets.xcassets in Resources */,
				E1FCCEF32C7B134400993225 /* Assets.xcassets in Resources */,
				E1B9B6F62C8321550028DDF7 /* Localizable.xcstrings in Resources */,
			);
			runOnlyForDeploymentPostprocessing = 0;
		};
/* End PBXResourcesBuildPhase section */

/* Begin PBXSourcesBuildPhase section */
		E1FCCEE72C7B134100993225 /* Sources */ = {
			isa = PBXSourcesBuildPhase;
			buildActionMask = 2147483647;
			files = (
				E1CCDF602C7F997A00BFDD67 /* RecipeView.swift in Sources */,
				E17E28482C98B486003B6771 /* HomeViewModel.swift in Sources */,
				E1B72C9B2C7E48E700C8C01E /* CustomTextField.swift in Sources */,
				E1FCCF032C7B1E9000993225 /* LanguageRow.swift in Sources */,
				E1FCCF002C7B1D2C00993225 /* SettingsView.swift in Sources */,
				E17E284A2C98B4E9003B6771 /* AddNewRecipeViewModel.swift in Sources */,
				E1FCCEF12C7B134100993225 /* HomeView.swift in Sources */,
				E1B72C9D2C7E49A400C8C01E /* CustomButton.swift in Sources */,
				E1D4BE4F2C974CD600718D71 /* CustomTabBar.swift in Sources */,
				E1FCCF052C7B1EA000993225 /* AboutRow.swift in Sources */,
				E1FCCEEF2C7B134100993225 /* FlavorFusionApp.swift in Sources */,
				E1D1998C2C7CF6C000C9EEF2 /* AddNewRecipeView.swift in Sources */,
				E17E284C2C98B581003B6771 /* RecipeViewModel.swift in Sources */,
			);
			runOnlyForDeploymentPostprocessing = 0;
		};
/* End PBXSourcesBuildPhase section */

/* Begin XCBuildConfiguration section */
		E1FCCEF72C7B134400993225 /* Debug */ = {
			isa = XCBuildConfiguration;
			buildSettings = {
				ALWAYS_SEARCH_USER_PATHS = NO;
				ASSETCATALOG_COMPILER_GENERATE_SWIFT_ASSET_SYMBOL_EXTENSIONS = YES;
				CLANG_ANALYZER_NONNULL = YES;
				CLANG_ANALYZER_NUMBER_OBJECT_CONVERSION = YES_AGGRESSIVE;
				CLANG_CXX_LANGUAGE_STANDARD = "gnu++20";
				CLANG_ENABLE_MODULES = YES;
				CLANG_ENABLE_OBJC_ARC = YES;
				CLANG_ENABLE_OBJC_WEAK = YES;
				CLANG_WARN_BLOCK_CAPTURE_AUTORELEASING = YES;
				CLANG_WARN_BOOL_CONVERSION = YES;
				CLANG_WARN_COMMA = YES;
				CLANG_WARN_CONSTANT_CONVERSION = YES;
				CLANG_WARN_DEPRECATED_OBJC_IMPLEMENTATIONS = YES;
				CLANG_WARN_DIRECT_OBJC_ISA_USAGE = YES_ERROR;
				CLANG_WARN_DOCUMENTATION_COMMENTS = YES;
				CLANG_WARN_EMPTY_BODY = YES;
				CLANG_WARN_ENUM_CONVERSION = YES;
				CLANG_WARN_INFINITE_RECURSION = YES;
				CLANG_WARN_INT_CONVERSION = YES;
				CLANG_WARN_NON_LITERAL_NULL_CONVERSION = YES;
				CLANG_WARN_OBJC_IMPLICIT_RETAIN_SELF = YES;
				CLANG_WARN_OBJC_LITERAL_CONVERSION = YES;
				CLANG_WARN_OBJC_ROOT_CLASS = YES_ERROR;
				CLANG_WARN_QUOTED_INCLUDE_IN_FRAMEWORK_HEADER = YES;
				CLANG_WARN_RANGE_LOOP_ANALYSIS = YES;
				CLANG_WARN_STRICT_PROTOTYPES = YES;
				CLANG_WARN_SUSPICIOUS_MOVE = YES;
				CLANG_WARN_UNGUARDED_AVAILABILITY = YES_AGGRESSIVE;
				CLANG_WARN_UNREACHABLE_CODE = YES;
				CLANG_WARN__DUPLICATE_METHOD_MATCH = YES;
				COPY_PHASE_STRIP = NO;
				DEBUG_INFORMATION_FORMAT = dwarf;
				ENABLE_STRICT_OBJC_MSGSEND = YES;
				ENABLE_TESTABILITY = YES;
				ENABLE_USER_SCRIPT_SANDBOXING = YES;
				GCC_C_LANGUAGE_STANDARD = gnu17;
				GCC_DYNAMIC_NO_PIC = NO;
				GCC_NO_COMMON_BLOCKS = YES;
				GCC_OPTIMIZATION_LEVEL = 0;
				GCC_PREPROCESSOR_DEFINITIONS = (
					"DEBUG=1",
					"$(inherited)",
				);
				GCC_WARN_64_TO_32_BIT_CONVERSION = YES;
				GCC_WARN_ABOUT_RETURN_TYPE = YES_ERROR;
				GCC_WARN_UNDECLARED_SELECTOR = YES;
				GCC_WARN_UNINITIALIZED_AUTOS = YES_AGGRESSIVE;
				GCC_WARN_UNUSED_FUNCTION = YES;
				GCC_WARN_UNUSED_VARIABLE = YES;
				IPHONEOS_DEPLOYMENT_TARGET = 17.5;
				LOCALIZATION_PREFERS_STRING_CATALOGS = YES;
				MTL_ENABLE_DEBUG_INFO = INCLUDE_SOURCE;
				MTL_FAST_MATH = YES;
				ONLY_ACTIVE_ARCH = YES;
				SDKROOT = iphoneos;
				SWIFT_ACTIVE_COMPILATION_CONDITIONS = "DEBUG $(inherited)";
				SWIFT_OPTIMIZATION_LEVEL = "-Onone";
			};
			name = Debug;
		};
		E1FCCEF82C7B134400993225 /* Release */ = {
			isa = XCBuildConfiguration;
			buildSettings = {
				ALWAYS_SEARCH_USER_PATHS = NO;
				ASSETCATALOG_COMPILER_GENERATE_SWIFT_ASSET_SYMBOL_EXTENSIONS = YES;
				CLANG_ANALYZER_NONNULL = YES;
				CLANG_ANALYZER_NUMBER_OBJECT_CONVERSION = YES_AGGRESSIVE;
				CLANG_CXX_LANGUAGE_STANDARD = "gnu++20";
				CLANG_ENABLE_MODULES = YES;
				CLANG_ENABLE_OBJC_ARC = YES;
				CLANG_ENABLE_OBJC_WEAK = YES;
				CLANG_WARN_BLOCK_CAPTURE_AUTORELEASING = YES;
				CLANG_WARN_BOOL_CONVERSION = YES;
				CLANG_WARN_COMMA = YES;
				CLANG_WARN_CONSTANT_CONVERSION = YES;
				CLANG_WARN_DEPRECATED_OBJC_IMPLEMENTATIONS = YES;
				CLANG_WARN_DIRECT_OBJC_ISA_USAGE = YES_ERROR;
				CLANG_WARN_DOCUMENTATION_COMMENTS = YES;
				CLANG_WARN_EMPTY_BODY = YES;
				CLANG_WARN_ENUM_CONVERSION = YES;
				CLANG_WARN_INFINITE_RECURSION = YES;
				CLANG_WARN_INT_CONVERSION = YES;
				CLANG_WARN_NON_LITERAL_NULL_CONVERSION = YES;
				CLANG_WARN_OBJC_IMPLICIT_RETAIN_SELF = YES;
				CLANG_WARN_OBJC_LITERAL_CONVERSION = YES;
				CLANG_WARN_OBJC_ROOT_CLASS = YES_ERROR;
				CLANG_WARN_QUOTED_INCLUDE_IN_FRAMEWORK_HEADER = YES;
				CLANG_WARN_RANGE_LOOP_ANALYSIS = YES;
				CLANG_WARN_STRICT_PROTOTYPES = YES;
				CLANG_WARN_SUSPICIOUS_MOVE = YES;
				CLANG_WARN_UNGUARDED_AVAILABILITY = YES_AGGRESSIVE;
				CLANG_WARN_UNREACHABLE_CODE = YES;
				CLANG_WARN__DUPLICATE_METHOD_MATCH = YES;
				COPY_PHASE_STRIP = NO;
				DEBUG_INFORMATION_FORMAT = "dwarf-with-dsym";
				ENABLE_NS_ASSERTIONS = NO;
				ENABLE_STRICT_OBJC_MSGSEND = YES;
				ENABLE_USER_SCRIPT_SANDBOXING = YES;
				GCC_C_LANGUAGE_STANDARD = gnu17;
				GCC_NO_COMMON_BLOCKS = YES;
				GCC_WARN_64_TO_32_BIT_CONVERSION = YES;
				GCC_WARN_ABOUT_RETURN_TYPE = YES_ERROR;
				GCC_WARN_UNDECLARED_SELECTOR = YES;
				GCC_WARN_UNINITIALIZED_AUTOS = YES_AGGRESSIVE;
				GCC_WARN_UNUSED_FUNCTION = YES;
				GCC_WARN_UNUSED_VARIABLE = YES;
				IPHONEOS_DEPLOYMENT_TARGET = 17.5;
				LOCALIZATION_PREFERS_STRING_CATALOGS = YES;
				MTL_ENABLE_DEBUG_INFO = NO;
				MTL_FAST_MATH = YES;
				SDKROOT = iphoneos;
				SWIFT_COMPILATION_MODE = wholemodule;
				VALIDATE_PRODUCT = YES;
			};
			name = Release;
		};
		E1FCCEFA2C7B134400993225 /* Debug */ = {
			isa = XCBuildConfiguration;
			buildSettings = {
				ASSETCATALOG_COMPILER_APPICON_NAME = AppIcon;
				ASSETCATALOG_COMPILER_GLOBAL_ACCENT_COLOR_NAME = AccentColor;
				CODE_SIGN_STYLE = Automatic;
				CURRENT_PROJECT_VERSION = 1;
				DEVELOPMENT_ASSET_PATHS = "\"FlavorFusion/Preview Content\"";
				ENABLE_PREVIEWS = YES;
				GENERATE_INFOPLIST_FILE = YES;
				INFOPLIST_KEY_UIApplicationSceneManifest_Generation = YES;
				INFOPLIST_KEY_UIApplicationSupportsIndirectInputEvents = YES;
				INFOPLIST_KEY_UILaunchScreen_Generation = YES;
				INFOPLIST_KEY_UISupportedInterfaceOrientations_iPad = "UIInterfaceOrientationPortrait UIInterfaceOrientationPortraitUpsideDown UIInterfaceOrientationLandscapeLeft UIInterfaceOrientationLandscapeRight";
				INFOPLIST_KEY_UISupportedInterfaceOrientations_iPhone = "UIInterfaceOrientationPortrait UIInterfaceOrientationLandscapeLeft UIInterfaceOrientationLandscapeRight";
				LD_RUNPATH_SEARCH_PATHS = (
					"$(inherited)",
					"@executable_path/Frameworks",
				);
				MARKETING_VERSION = 1.0;
				PRODUCT_BUNDLE_IDENTIFIER = ep.FlavorFusion;
				PRODUCT_NAME = "$(TARGET_NAME)";
				SWIFT_EMIT_LOC_STRINGS = YES;
				SWIFT_VERSION = 5.0;
				TARGETED_DEVICE_FAMILY = "1,2";
			};
			name = Debug;
		};
		E1FCCEFB2C7B134400993225 /* Release */ = {
			isa = XCBuildConfiguration;
			buildSettings = {
				ASSETCATALOG_COMPILER_APPICON_NAME = AppIcon;
				ASSETCATALOG_COMPILER_GLOBAL_ACCENT_COLOR_NAME = AccentColor;
				CODE_SIGN_STYLE = Automatic;
				CURRENT_PROJECT_VERSION = 1;
				DEVELOPMENT_ASSET_PATHS = "\"FlavorFusion/Preview Content\"";
				ENABLE_PREVIEWS = YES;
				GENERATE_INFOPLIST_FILE = YES;
				INFOPLIST_KEY_UIApplicationSceneManifest_Generation = YES;
				INFOPLIST_KEY_UIApplicationSupportsIndirectInputEvents = YES;
				INFOPLIST_KEY_UILaunchScreen_Generation = YES;
				INFOPLIST_KEY_UISupportedInterfaceOrientations_iPad = "UIInterfaceOrientationPortrait UIInterfaceOrientationPortraitUpsideDown UIInterfaceOrientationLandscapeLeft UIInterfaceOrientationLandscapeRight";
				INFOPLIST_KEY_UISupportedInterfaceOrientations_iPhone = "UIInterfaceOrientationPortrait UIInterfaceOrientationLandscapeLeft UIInterfaceOrientationLandscapeRight";
				LD_RUNPATH_SEARCH_PATHS = (
					"$(inherited)",
					"@executable_path/Frameworks",
				);
				MARKETING_VERSION = 1.0;
				PRODUCT_BUNDLE_IDENTIFIER = ep.FlavorFusion;
				PRODUCT_NAME = "$(TARGET_NAME)";
				SWIFT_EMIT_LOC_STRINGS = YES;
				SWIFT_VERSION = 5.0;
				TARGETED_DEVICE_FAMILY = "1,2";
			};
			name = Release;
		};
/* End XCBuildConfiguration section */

/* Begin XCConfigurationList section */
		E1FCCEE62C7B134100993225 /* Build configuration list for PBXProject "FlavorFusion" */ = {
			isa = XCConfigurationList;
			buildConfigurations = (
				E1FCCEF72C7B134400993225 /* Debug */,
				E1FCCEF82C7B134400993225 /* Release */,
			);
			defaultConfigurationIsVisible = 0;
			defaultConfigurationName = Release;
		};
		E1FCCEF92C7B134400993225 /* Build configuration list for PBXNativeTarget "FlavorFusion" */ = {
			isa = XCConfigurationList;
			buildConfigurations = (
				E1FCCEFA2C7B134400993225 /* Debug */,
				E1FCCEFB2C7B134400993225 /* Release */,
			);
			defaultConfigurationIsVisible = 0;
			defaultConfigurationName = Release;
		};
/* End XCConfigurationList section */
	};
	rootObject = E1FCCEE32C7B134100993225 /* Project object */;
}
